
Microsoft Visual Studio Solution File, Format Version 12.00
# Blend for Visual Studio Version 17
VisualStudioVersion = 17.0.32112.339
MinimumVisualStudioVersion = 10.0.40219.1
Project("{9A19103F-16F7-4668-BE54-9A1E7A4F7556}") = "WpfApp1", "WpfApp1\WpfApp1.csproj", "{5899A473-57F0-43EA-BE3B-3FC7CEF306D2}"
EndProject
Global
	GlobalSection(SolutionConfigurationPlatforms) = preSolution
		Debug|Any CPU = Debug|Any CPU
		Release|Any CPU = Release|Any CPU
	EndGlobalSection
	GlobalSection(ProjectConfigurationPlatforms) = postSolution
		{5899A473-57F0-43EA-BE3B-3FC7CEF306D2}.Debug|Any CPU.ActiveCfg = Debug|Any CPU
		{5899A473-57F0-43EA-BE3B-3FC7CEF306D2}.Debug|Any CPU.Build.0 = Debug|Any CPU
		{5899A473-57F0-43EA-BE3B-3FC7CEF306D2}.Release|Any CPU.ActiveCfg = Release|Any CPU
		{5899A473-57F0-43EA-BE3B-3FC7CEF306D2}.Release|Any CPU.Build.0 = Release|Any CPU
	EndGlobalSection
	GlobalSection(SolutionProperties) = preSolution
		HideSolutionNode = FALSE
	EndGlobalSection
	GlobalSection(ExtensibilityGlobals) = postSolution
		SolutionGuid = {286BCF60-7379-495B-B90B-F2927435F405}
	EndGlobalSection
EndGlobal
